
Microsoft Visual Studio Solution File, Format Version 12.00
# Visual Studio 14
VisualStudioVersion = 14.0.25420.1
MinimumVisualStudioVersion = 10.0.40219.1
Project("{FAE04EC0-301F-11D3-BF4B-00C04F79EFBC}") = "WeChat", "WeChat\WeChat.csproj", "{E51C8C93-087F-422C-99B5-B5EBA655969C}"
EndProject
Project("{FAE04EC0-301F-11D3-BF4B-00C04F79EFBC}") = "WeChatHelper", "WeChatHelper\WeChatHelper.csproj", "{59E21280-4200-432F-87E5-8651ACADA5E1}"
EndProject
Project("{FAE04EC0-301F-11D3-BF4B-00C04F79EFBC}") = "QQHelper", "QQHelper\QQHelper.csproj", "{B4FA8FD7-84CD-4A01-87D8-174D9D0FA54D}"
EndProject
Project("{FAE04EC0-301F-11D3-BF4B-00C04F79EFBC}") = "SinaHelper", "SinaHelper\SinaHelper.csproj", "{66DC9E71-3E9C-450D-8948-D83C396BD3A0}"
EndProject
Project("{FAE04EC0-301F-11D3-BF4B-00C04F79EFBC}") = "BaiduHelper", "BaiduHelper\BaiduHelper.csproj", "{AD8C3F2B-D4DF-49EF-A10B-886FE9851181}"
EndProject
Project("{FAE04EC0-301F-11D3-BF4B-00C04F79EFBC}") = "TaobaoHelper", "TaobaoHelper\TaobaoHelper.csproj", "{C42342E3-ADFA-4957-83C3-A0349B856539}"
EndProject
Global
	GlobalSection(SolutionConfigurationPlatforms) = preSolution
		Debug|Any CPU = Debug|Any CPU
		Release|Any CPU = Release|Any CPU
	EndGlobalSection
	GlobalSection(ProjectConfigurationPlatforms) = postSolution
		{E51C8C93-087F-422C-99B5-B5EBA655969C}.Debug|Any CPU.ActiveCfg = Debug|Any CPU
		{E51C8C93-087F-422C-99B5-B5EBA655969C}.Debug|Any CPU.Build.0 = Debug|Any CPU
		{E51C8C93-087F-422C-99B5-B5EBA655969C}.Release|Any CPU.ActiveCfg = Release|Any CPU
		{E51C8C93-087F-422C-99B5-B5EBA655969C}.Release|Any CPU.Build.0 = Release|Any CPU
		{59E21280-4200-432F-87E5-8651ACADA5E1}.Debug|Any CPU.ActiveCfg = Debug|Any CPU
		{59E21280-4200-432F-87E5-8651ACADA5E1}.Debug|Any CPU.Build.0 = Debug|Any CPU
		{59E21280-4200-432F-87E5-8651ACADA5E1}.Release|Any CPU.ActiveCfg = Release|Any CPU
		{59E21280-4200-432F-87E5-8651ACADA5E1}.Release|Any CPU.Build.0 = Release|Any CPU
		{B4FA8FD7-84CD-4A01-87D8-174D9D0FA54D}.Debug|Any CPU.ActiveCfg = Debug|Any CPU
		{B4FA8FD7-84CD-4A01-87D8-174D9D0FA54D}.Debug|Any CPU.Build.0 = Debug|Any CPU
		{B4FA8FD7-84CD-4A01-87D8-174D9D0FA54D}.Release|Any CPU.ActiveCfg = Release|Any CPU
		{B4FA8FD7-84CD-4A01-87D8-174D9D0FA54D}.Release|Any CPU.Build.0 = Release|Any CPU
		{66DC9E71-3E9C-450D-8948-D83C396BD3A0}.Debug|Any CPU.ActiveCfg = Debug|Any CPU
		{66DC9E71-3E9C-450D-8948-D83C396BD3A0}.Debug|Any CPU.Build.0 = Debug|Any CPU
		{66DC9E71-3E9C-450D-8948-D83C396BD3A0}.Release|Any CPU.ActiveCfg = Release|Any CPU
		{66DC9E71-3E9C-450D-8948-D83C396BD3A0}.Release|Any CPU.Build.0 = Release|Any CPU
		{AD8C3F2B-D4DF-49EF-A10B-886FE9851181}.Debug|Any CPU.ActiveCfg = Debug|Any CPU
		{AD8C3F2B-D4DF-49EF-A10B-886FE9851181}.Debug|Any CPU.Build.0 = Debug|Any CPU
		{AD8C3F2B-D4DF-49EF-A10B-886FE9851181}.Release|Any CPU.ActiveCfg = Release|Any CPU
		{AD8C3F2B-D4DF-49EF-A10B-886FE9851181}.Release|Any CPU.Build.0 = Release|Any CPU
		{C42342E3-ADFA-4957-83C3-A0349B856539}.Debug|Any CPU.ActiveCfg = Debug|Any CPU
		{C42342E3-ADFA-4957-83C3-A0349B856539}.Debug|Any CPU.Build.0 = Debug|Any CPU
		{C42342E3-ADFA-4957-83C3-A0349B856539}.Release|Any CPU.ActiveCfg = Release|Any CPU
		{C42342E3-ADFA-4957-83C3-A0349B856539}.Release|Any CPU.Build.0 = Release|Any CPU
	EndGlobalSection
	GlobalSection(SolutionProperties) = preSolution
		HideSolutionNode = FALSE
	EndGlobalSection
EndGlobal
